// !$*UTF8*$!
{
	archiveVersion = 1;
	classes = {
	};
	objectVersion = 77;
	objects = {

/* Begin PBXBuildFile section */
		5B56B1A42DDC23A5005A2D62 /* RxCocoa in Frameworks */ = {isa = PBXBuildFile; productRef = 5B56B1A32DDC23A5005A2D62 /* RxCocoa */; };
		5B56B1A62DDC23A5005A2D62 /* RxRelay in Frameworks */ = {isa = PBXBuildFile; productRef = 5B56B1A52DDC23A5005A2D62 /* RxRelay */; };
		5B56B1A82DDC23A5005A2D62 /* RxSwift in Frameworks */ = {isa = PBXBuildFile; productRef = 5B56B1A72DDC23A5005A2D62 /* RxSwift */; };
		5B56B1AB2DDC23B0005A2D62 /* Then in Frameworks */ = {isa = PBXBuildFile; productRef = 5B56B1AA2DDC23B0005A2D62 /* Then */; };
		5B56B1AE2DDC23BC005A2D62 /* SnapKit in Frameworks */ = {isa = PBXBuildFile; productRef = 5B56B1AD2DDC23BC005A2D62 /* SnapKit */; };
		5B56B1B12DDC23FC005A2D62 /* Alamofire in Frameworks */ = {isa = PBXBuildFile; productRef = 5B56B1B02DDC23FC005A2D62 /* Alamofire */; };
		5B56B6D42DDC723F005A2D62 /* RiveRuntime in Frameworks */ = {isa = PBXBuildFile; productRef = 5B56B6D32DDC723F005A2D62 /* RiveRuntime */; };
		5B8DBC4C2DDC21F600F53723 /* .gitignore in Resources */ = {isa = PBXBuildFile; fileRef = 5B8DBC4B2DDC21F600F53723 /* .gitignore */; };
		A52D59672DDC9E950055EF9C /* Differentiator in Frameworks */ = {isa = PBXBuildFile; productRef = A52D59662DDC9E950055EF9C /* Differentiator */; };
		A52D59692DDC9E950055EF9C /* RxDataSources in Frameworks */ = {isa = PBXBuildFile; productRef = A52D59682DDC9E950055EF9C /* RxDataSources */; };
/* End PBXBuildFile section */

/* Begin PBXFileReference section */
		5B8DBC312DDC214400F53723 /* Look-out-the-window.app */ = {isa = PBXFileReference; explicitFileType = wrapper.application; includeInIndex = 0; path = "Look-out-the-window.app"; sourceTree = BUILT_PRODUCTS_DIR; };
		5B8DBC4B2DDC21F600F53723 /* .gitignore */ = {isa = PBXFileReference; lastKnownFileType = text; path = .gitignore; sourceTree = "<group>"; };
/* End PBXFileReference section */

/* Begin PBXFileSystemSynchronizedBuildFileExceptionSet section */
		5B8DBC432DDC214600F53723 /* Exceptions for "Look-out-the-window" folder in "Look-out-the-window" target */ = {
			isa = PBXFileSystemSynchronizedBuildFileExceptionSet;
			membershipExceptions = (
				Presentation/RegionList/ViewController/.gitkeep,
				Presentation/RegionList/ViewModel/.gitkeep,
				Presentation/Register/View/.gitkeep,
				Presentation/Register/ViewController/.gitkeep,
				Presentation/Register/ViewModel/.gitkeep,
				Resources/Info.plist,
			);
			target = 5B8DBC302DDC214400F53723 /* Look-out-the-window */;
		};
/* End PBXFileSystemSynchronizedBuildFileExceptionSet section */

/* Begin PBXFileSystemSynchronizedRootGroup section */
		5B8DBC332DDC214400F53723 /* Look-out-the-window */ = {
			isa = PBXFileSystemSynchronizedRootGroup;
			exceptions = (
				5B8DBC432DDC214600F53723 /* Exceptions for "Look-out-the-window" folder in "Look-out-the-window" target */,
			);
			path = "Look-out-the-window";
			sourceTree = "<group>";
		};
/* End PBXFileSystemSynchronizedRootGroup section */

/* Begin PBXFrameworksBuildPhase section */
		5B8DBC2E2DDC214400F53723 /* Frameworks */ = {
			isa = PBXFrameworksBuildPhase;
			buildActionMask = 2147483647;
			files = (
				5B56B1A82DDC23A5005A2D62 /* RxSwift in Frameworks */,
				5B56B1A62DDC23A5005A2D62 /* RxRelay in Frameworks */,
				5B56B6D42DDC723F005A2D62 /* RiveRuntime in Frameworks */,
				5B56B1A42DDC23A5005A2D62 /* RxCocoa in Frameworks */,
				A52D59672DDC9E950055EF9C /* Differentiator in Frameworks */,
				5B56B1B12DDC23FC005A2D62 /* Alamofire in Frameworks */,
				A52D59692DDC9E950055EF9C /* RxDataSources in Frameworks */,
				5B56B1AB2DDC23B0005A2D62 /* Then in Frameworks */,
				5B56B1AE2DDC23BC005A2D62 /* SnapKit in Frameworks */,
			);
			runOnlyForDeploymentPostprocessing = 0;
		};
/* End PBXFrameworksBuildPhase section */

/* Begin PBXGroup section */
		5B8DBC282DDC214400F53723 = {
			isa = PBXGroup;
			children = (
				5B8DBC4B2DDC21F600F53723 /* .gitignore */,
				5B8DBC332DDC214400F53723 /* Look-out-the-window */,
				5B8DBC322DDC214400F53723 /* Products */,
			);
			sourceTree = "<group>";
		};
		5B8DBC322DDC214400F53723 /* Products */ = {
			isa = PBXGroup;
			children = (
				5B8DBC312DDC214400F53723 /* Look-out-the-window.app */,
			);
			name = Products;
			sourceTree = "<group>";
		};
/* End PBXGroup section */

/* Begin PBXNativeTarget section */
		5B8DBC302DDC214400F53723 /* Look-out-the-window */ = {
			isa = PBXNativeTarget;
			buildConfigurationList = 5B8DBC442DDC214600F53723 /* Build configuration list for PBXNativeTarget "Look-out-the-window" */;
			buildPhases = (
				5B8DBC2D2DDC214400F53723 /* Sources */,
				5B8DBC2E2DDC214400F53723 /* Frameworks */,
				5B8DBC2F2DDC214400F53723 /* Resources */,
			);
			buildRules = (
			);
			dependencies = (
			);
			fileSystemSynchronizedGroups = (
				5B8DBC332DDC214400F53723 /* Look-out-the-window */,
			);
			name = "Look-out-the-window";
			packageProductDependencies = (
				5B56B1A32DDC23A5005A2D62 /* RxCocoa */,
				5B56B1A52DDC23A5005A2D62 /* RxRelay */,
				5B56B1A72DDC23A5005A2D62 /* RxSwift */,
				5B56B1AA2DDC23B0005A2D62 /* Then */,
				5B56B1AD2DDC23BC005A2D62 /* SnapKit */,
				5B56B1B02DDC23FC005A2D62 /* Alamofire */,
				5B56B6D32DDC723F005A2D62 /* RiveRuntime */,
				A52D59662DDC9E950055EF9C /* Differentiator */,
				A52D59682DDC9E950055EF9C /* RxDataSources */,
			);
			productName = "Look-out-the-window";
			productReference = 5B8DBC312DDC214400F53723 /* Look-out-the-window.app */;
			productType = "com.apple.product-type.application";
		};
/* End PBXNativeTarget section */

/* Begin PBXProject section */
		5B8DBC292DDC214400F53723 /* Project object */ = {
			isa = PBXProject;
			attributes = {
				BuildIndependentTargetsInParallel = 1;
				LastSwiftUpdateCheck = 1630;
				LastUpgradeCheck = 1630;
				TargetAttributes = {
					5B8DBC302DDC214400F53723 = {
						CreatedOnToolsVersion = 16.3;
					};
				};
			};
			buildConfigurationList = 5B8DBC2C2DDC214400F53723 /* Build configuration list for PBXProject "Look-out-the-window" */;
			developmentRegion = ko;
			hasScannedForEncodings = 0;
			knownRegions = (
				Base,
				ko,
			);
			mainGroup = 5B8DBC282DDC214400F53723;
			minimizedProjectReferenceProxies = 1;
			packageReferences = (
				5B56B1A22DDC23A5005A2D62 /* XCRemoteSwiftPackageReference "RxSwift" */,
				5B56B1A92DDC23B0005A2D62 /* XCRemoteSwiftPackageReference "Then" */,
				5B56B1AC2DDC23BC005A2D62 /* XCRemoteSwiftPackageReference "SnapKit" */,
				5B56B1AF2DDC23FC005A2D62 /* XCRemoteSwiftPackageReference "Alamofire" */,
				5B56B6D22DDC723F005A2D62 /* XCRemoteSwiftPackageReference "rive-ios" */,
				A52D59652DDC9E950055EF9C /* XCRemoteSwiftPackageReference "RxDataSources" */,
			);
			preferredProjectObjectVersion = 77;
			productRefGroup = 5B8DBC322DDC214400F53723 /* Products */;
			projectDirPath = "";
			projectRoot = "";
			targets = (
				5B8DBC302DDC214400F53723 /* Look-out-the-window */,
			);
		};
/* End PBXProject section */

/* Begin PBXResourcesBuildPhase section */
		5B8DBC2F2DDC214400F53723 /* Resources */ = {
			isa = PBXResourcesBuildPhase;
			buildActionMask = 2147483647;
			files = (
				5B8DBC4C2DDC21F600F53723 /* .gitignore in Resources */,
			);
			runOnlyForDeploymentPostprocessing = 0;
		};
/* End PBXResourcesBuildPhase section */

/* Begin PBXSourcesBuildPhase section */
		5B8DBC2D2DDC214400F53723 /* Sources */ = {
			isa = PBXSourcesBuildPhase;
			buildActionMask = 2147483647;
			files = (
			);
			runOnlyForDeploymentPostprocessing = 0;
		};
/* End PBXSourcesBuildPhase section */

/* Begin XCBuildConfiguration section */
		5B8DBC452DDC214600F53723 /* Debug */ = {
			isa = XCBuildConfiguration;
			baseConfigurationReferenceAnchor = 5B8DBC332DDC214400F53723 /* Look-out-the-window */;
			baseConfigurationReferenceRelativePath = Resources/Config.xcconfig;
			buildSettings = {
				ASSETCATALOG_COMPILER_APPICON_NAME = AppIcon;
				ASSETCATALOG_COMPILER_GLOBAL_ACCENT_COLOR_NAME = AccentColor;
				CODE_SIGN_STYLE = Automatic;
				CURRENT_PROJECT_VERSION = 1;
				DEVELOPMENT_TEAM = U54KVZDT39;
				GENERATE_INFOPLIST_FILE = YES;
				INFOPLIST_FILE = "Look-out-the-window/Resources/Info.plist";
				INFOPLIST_KEY_UIApplicationSupportsIndirectInputEvents = YES;
				INFOPLIST_KEY_UILaunchStoryboardName = LaunchScreen;
				INFOPLIST_KEY_UISupportedInterfaceOrientations_iPad = "UIInterfaceOrientationPortrait UIInterfaceOrientationPortraitUpsideDown UIInterfaceOrientationLandscapeLeft UIInterfaceOrientationLandscapeRight";
				INFOPLIST_KEY_UISupportedInterfaceOrientations_iPhone = "UIInterfaceOrientationPortrait UIInterfaceOrientationLandscapeLeft UIInterfaceOrientationLandscapeRight";
				IPHONEOS_DEPLOYMENT_TARGET = 16.0;
				LD_RUNPATH_SEARCH_PATHS = (
					"$(inherited)",
					"@executable_path/Frameworks",
				);
				MARKETING_VERSION = 1.0;
				PRODUCT_BUNDLE_IDENTIFIER = "com.FiveGuys.Look-out-the-window";
				PRODUCT_NAME = "$(TARGET_NAME)";
				SUPPORTED_PLATFORMS = "iphoneos iphonesimulator";
				SUPPORTS_MACCATALYST = NO;
				SUPPORTS_MAC_DESIGNED_FOR_IPHONE_IPAD = NO;
				SUPPORTS_XR_DESIGNED_FOR_IPHONE_IPAD = NO;
				SWIFT_EMIT_LOC_STRINGS = YES;
				SWIFT_VERSION = 5.0;
				TARGETED_DEVICE_FAMILY = 1;
			};
			name = Debug;
		};
		5B8DBC462DDC214600F53723 /* Release */ = {
			isa = XCBuildConfiguration;
			baseConfigurationReferenceAnchor = 5B8DBC332DDC214400F53723 /* Look-out-the-window */;
			baseConfigurationReferenceRelativePath = Resources/Config.xcconfig;
			buildSettings = {
				ASSETCATALOG_COMPILER_APPICON_NAME = AppIcon;
				ASSETCATALOG_COMPILER_GLOBAL_ACCENT_COLOR_NAME = AccentColor;
				CODE_SIGN_STYLE = Automatic;
				CURRENT_PROJECT_VERSION = 1;
				DEVELOPMENT_TEAM = U54KVZDT39;
				GENERATE_INFOPLIST_FILE = YES;
				INFOPLIST_FILE = "Look-out-the-window/Resources/Info.plist";
				INFOPLIST_KEY_UIApplicationSupportsIndirectInputEvents = YES;
				INFOPLIST_KEY_UILaunchStoryboardName = LaunchScreen;
				INFOPLIST_KEY_UISupportedInterfaceOrientations_iPad = "UIInterfaceOrientationPortrait UIInterfaceOrientationPortraitUpsideDown UIInterfaceOrientationLandscapeLeft UIInterfaceOrientationLandscapeRight";
				INFOPLIST_KEY_UISupportedInterfaceOrientations_iPhone = "UIInterfaceOrientationPortrait UIInterfaceOrientationLandscapeLeft UIInterfaceOrientationLandscapeRight";
				IPHONEOS_DEPLOYMENT_TARGET = 16.0;
				LD_RUNPATH_SEARCH_PATHS = (
					"$(inherited)",
					"@executable_path/Frameworks",
				);
				MARKETING_VERSION = 1.0;
				PRODUCT_BUNDLE_IDENTIFIER = "com.FiveGuys.Look-out-the-window";
				PRODUCT_NAME = "$(TARGET_NAME)";
				SUPPORTED_PLATFORMS = "iphoneos iphonesimulator";
				SUPPORTS_MACCATALYST = NO;
				SUPPORTS_MAC_DESIGNED_FOR_IPHONE_IPAD = NO;
				SUPPORTS_XR_DESIGNED_FOR_IPHONE_IPAD = NO;
				SWIFT_EMIT_LOC_STRINGS = YES;
				SWIFT_VERSION = 5.0;
				TARGETED_DEVICE_FAMILY = 1;
			};
			name = Release;
		};
		5B8DBC472DDC214600F53723 /* Debug */ = {
			isa = XCBuildConfiguration;
			buildSettings = {
				ALWAYS_SEARCH_USER_PATHS = NO;
				ASSETCATALOG_COMPILER_GENERATE_SWIFT_ASSET_SYMBOL_EXTENSIONS = YES;
				CLANG_ANALYZER_LOCALIZABILITY_NONLOCALIZED = YES;
				CLANG_ANALYZER_NONNULL = YES;
				CLANG_ANALYZER_NUMBER_OBJECT_CONVERSION = YES_AGGRESSIVE;
				CLANG_CXX_LANGUAGE_STANDARD = "gnu++20";
				CLANG_ENABLE_MODULES = YES;
				CLANG_ENABLE_OBJC_ARC = YES;
				CLANG_ENABLE_OBJC_WEAK = YES;
				CLANG_WARN_BLOCK_CAPTURE_AUTORELEASING = YES;
				CLANG_WARN_BOOL_CONVERSION = YES;
				CLANG_WARN_COMMA = YES;
				CLANG_WARN_CONSTANT_CONVERSION = YES;
				CLANG_WARN_DEPRECATED_OBJC_IMPLEMENTATIONS = YES;
				CLANG_WARN_DIRECT_OBJC_ISA_USAGE = YES_ERROR;
				CLANG_WARN_DOCUMENTATION_COMMENTS = YES;
				CLANG_WARN_EMPTY_BODY = YES;
				CLANG_WARN_ENUM_CONVERSION = YES;
				CLANG_WARN_INFINITE_RECURSION = YES;
				CLANG_WARN_INT_CONVERSION = YES;
				CLANG_WARN_NON_LITERAL_NULL_CONVERSION = YES;
				CLANG_WARN_OBJC_IMPLICIT_RETAIN_SELF = YES;
				CLANG_WARN_OBJC_LITERAL_CONVERSION = YES;
				CLANG_WARN_OBJC_ROOT_CLASS = YES_ERROR;
				CLANG_WARN_QUOTED_INCLUDE_IN_FRAMEWORK_HEADER = YES;
				CLANG_WARN_RANGE_LOOP_ANALYSIS = YES;
				CLANG_WARN_STRICT_PROTOTYPES = YES;
				CLANG_WARN_SUSPICIOUS_MOVE = YES;
				CLANG_WARN_UNGUARDED_AVAILABILITY = YES_AGGRESSIVE;
				CLANG_WARN_UNREACHABLE_CODE = YES;
				CLANG_WARN__DUPLICATE_METHOD_MATCH = YES;
				COPY_PHASE_STRIP = NO;
				DEBUG_INFORMATION_FORMAT = dwarf;
				DEVELOPMENT_TEAM = NCJMGH8Z64;
				ENABLE_STRICT_OBJC_MSGSEND = YES;
				ENABLE_TESTABILITY = YES;
				ENABLE_USER_SCRIPT_SANDBOXING = YES;
				GCC_C_LANGUAGE_STANDARD = gnu17;
				GCC_DYNAMIC_NO_PIC = NO;
				GCC_NO_COMMON_BLOCKS = YES;
				GCC_OPTIMIZATION_LEVEL = 0;
				GCC_PREPROCESSOR_DEFINITIONS = (
					"DEBUG=1",
					"$(inherited)",
				);
				GCC_WARN_64_TO_32_BIT_CONVERSION = YES;
				GCC_WARN_ABOUT_RETURN_TYPE = YES_ERROR;
				GCC_WARN_UNDECLARED_SELECTOR = YES;
				GCC_WARN_UNINITIALIZED_AUTOS = YES_AGGRESSIVE;
				GCC_WARN_UNUSED_FUNCTION = YES;
				GCC_WARN_UNUSED_VARIABLE = YES;
				IPHONEOS_DEPLOYMENT_TARGET = 18.4;
				LOCALIZATION_PREFERS_STRING_CATALOGS = YES;
				MTL_ENABLE_DEBUG_INFO = INCLUDE_SOURCE;
				MTL_FAST_MATH = YES;
				ONLY_ACTIVE_ARCH = YES;
				SDKROOT = iphoneos;
				SWIFT_ACTIVE_COMPILATION_CONDITIONS = "DEBUG $(inherited)";
				SWIFT_OPTIMIZATION_LEVEL = "-Onone";
			};
			name = Debug;
		};
		5B8DBC482DDC214600F53723 /* Release */ = {
			isa = XCBuildConfiguration;
			buildSettings = {
				ALWAYS_SEARCH_USER_PATHS = NO;
				ASSETCATALOG_COMPILER_GENERATE_SWIFT_ASSET_SYMBOL_EXTENSIONS = YES;
				CLANG_ANALYZER_LOCALIZABILITY_NONLOCALIZED = YES;
				CLANG_ANALYZER_NONNULL = YES;
				CLANG_ANALYZER_NUMBER_OBJECT_CONVERSION = YES_AGGRESSIVE;
				CLANG_CXX_LANGUAGE_STANDARD = "gnu++20";
				CLANG_ENABLE_MODULES = YES;
				CLANG_ENABLE_OBJC_ARC = YES;
				CLANG_ENABLE_OBJC_WEAK = YES;
				CLANG_WARN_BLOCK_CAPTURE_AUTORELEASING = YES;
				CLANG_WARN_BOOL_CONVERSION = YES;
				CLANG_WARN_COMMA = YES;
				CLANG_WARN_CONSTANT_CONVERSION = YES;
				CLANG_WARN_DEPRECATED_OBJC_IMPLEMENTATIONS = YES;
				CLANG_WARN_DIRECT_OBJC_ISA_USAGE = YES_ERROR;
				CLANG_WARN_DOCUMENTATION_COMMENTS = YES;
				CLANG_WARN_EMPTY_BODY = YES;
				CLANG_WARN_ENUM_CONVERSION = YES;
				CLANG_WARN_INFINITE_RECURSION = YES;
				CLANG_WARN_INT_CONVERSION = YES;
				CLANG_WARN_NON_LITERAL_NULL_CONVERSION = YES;
				CLANG_WARN_OBJC_IMPLICIT_RETAIN_SELF = YES;
				CLANG_WARN_OBJC_LITERAL_CONVERSION = YES;
				CLANG_WARN_OBJC_ROOT_CLASS = YES_ERROR;
				CLANG_WARN_QUOTED_INCLUDE_IN_FRAMEWORK_HEADER = YES;
				CLANG_WARN_RANGE_LOOP_ANALYSIS = YES;
				CLANG_WARN_STRICT_PROTOTYPES = YES;
				CLANG_WARN_SUSPICIOUS_MOVE = YES;
				CLANG_WARN_UNGUARDED_AVAILABILITY = YES_AGGRESSIVE;
				CLANG_WARN_UNREACHABLE_CODE = YES;
				CLANG_WARN__DUPLICATE_METHOD_MATCH = YES;
				COPY_PHASE_STRIP = NO;
				DEBUG_INFORMATION_FORMAT = "dwarf-with-dsym";
				DEVELOPMENT_TEAM = NCJMGH8Z64;
				ENABLE_NS_ASSERTIONS = NO;
				ENABLE_STRICT_OBJC_MSGSEND = YES;
				ENABLE_USER_SCRIPT_SANDBOXING = YES;
				GCC_C_LANGUAGE_STANDARD = gnu17;
				GCC_NO_COMMON_BLOCKS = YES;
				GCC_WARN_64_TO_32_BIT_CONVERSION = YES;
				GCC_WARN_ABOUT_RETURN_TYPE = YES_ERROR;
				GCC_WARN_UNDECLARED_SELECTOR = YES;
				GCC_WARN_UNINITIALIZED_AUTOS = YES_AGGRESSIVE;
				GCC_WARN_UNUSED_FUNCTION = YES;
				GCC_WARN_UNUSED_VARIABLE = YES;
				IPHONEOS_DEPLOYMENT_TARGET = 18.4;
				LOCALIZATION_PREFERS_STRING_CATALOGS = YES;
				MTL_ENABLE_DEBUG_INFO = NO;
				MTL_FAST_MATH = YES;
				SDKROOT = iphoneos;
				SWIFT_COMPILATION_MODE = wholemodule;
				VALIDATE_PRODUCT = YES;
			};
			name = Release;
		};
/* End XCBuildConfiguration section */

/* Begin XCConfigurationList section */
		5B8DBC2C2DDC214400F53723 /* Build configuration list for PBXProject "Look-out-the-window" */ = {
			isa = XCConfigurationList;
			buildConfigurations = (
				5B8DBC472DDC214600F53723 /* Debug */,
				5B8DBC482DDC214600F53723 /* Release */,
			);
			defaultConfigurationIsVisible = 0;
			defaultConfigurationName = Release;
		};
		5B8DBC442DDC214600F53723 /* Build configuration list for PBXNativeTarget "Look-out-the-window" */ = {
			isa = XCConfigurationList;
			buildConfigurations = (
				5B8DBC452DDC214600F53723 /* Debug */,
				5B8DBC462DDC214600F53723 /* Release */,
			);
			defaultConfigurationIsVisible = 0;
			defaultConfigurationName = Release;
		};
/* End XCConfigurationList section */

/* Begin XCRemoteSwiftPackageReference section */
		5B56B1A22DDC23A5005A2D62 /* XCRemoteSwiftPackageReference "RxSwift" */ = {
			isa = XCRemoteSwiftPackageReference;
			repositoryURL = "https://github.com/ReactiveX/RxSwift";
			requirement = {
				kind = upToNextMajorVersion;
				minimumVersion = 6.9.0;
			};
		};
		5B56B1A92DDC23B0005A2D62 /* XCRemoteSwiftPackageReference "Then" */ = {
			isa = XCRemoteSwiftPackageReference;
			repositoryURL = "https://github.com/devxoul/Then";
			requirement = {
				kind = upToNextMajorVersion;
				minimumVersion = 3.0.0;
			};
		};
		5B56B1AC2DDC23BC005A2D62 /* XCRemoteSwiftPackageReference "SnapKit" */ = {
			isa = XCRemoteSwiftPackageReference;
			repositoryURL = "https://github.com/SnapKit/SnapKit.git";
			requirement = {
				kind = upToNextMajorVersion;
				minimumVersion = 5.7.1;
			};
		};
		5B56B1AF2DDC23FC005A2D62 /* XCRemoteSwiftPackageReference "Alamofire" */ = {
			isa = XCRemoteSwiftPackageReference;
			repositoryURL = "https://github.com/Alamofire/Alamofire";
			requirement = {
				kind = upToNextMajorVersion;
				minimumVersion = 5.10.2;
			};
		};
		5B56B6D22DDC723F005A2D62 /* XCRemoteSwiftPackageReference "rive-ios" */ = {
			isa = XCRemoteSwiftPackageReference;
			repositoryURL = "https://github.com/rive-app/rive-ios";
			requirement = {
				kind = upToNextMajorVersion;
				minimumVersion = 6.8.2;
			};
		};
		A52D59652DDC9E950055EF9C /* XCRemoteSwiftPackageReference "RxDataSources" */ = {
			isa = XCRemoteSwiftPackageReference;
			repositoryURL = "https://github.com/RxSwiftCommunity/RxDataSources.git";
			requirement = {
				kind = upToNextMajorVersion;
				minimumVersion = 5.0.2;
			};
		};
/* End XCRemoteSwiftPackageReference section */

/* Begin XCSwiftPackageProductDependency section */
		5B56B1A32DDC23A5005A2D62 /* RxCocoa */ = {
			isa = XCSwiftPackageProductDependency;
			package = 5B56B1A22DDC23A5005A2D62 /* XCRemoteSwiftPackageReference "RxSwift" */;
			productName = RxCocoa;
		};
		5B56B1A52DDC23A5005A2D62 /* RxRelay */ = {
			isa = XCSwiftPackageProductDependency;
			package = 5B56B1A22DDC23A5005A2D62 /* XCRemoteSwiftPackageReference "RxSwift" */;
			productName = RxRelay;
		};
		5B56B1A72DDC23A5005A2D62 /* RxSwift */ = {
			isa = XCSwiftPackageProductDependency;
			package = 5B56B1A22DDC23A5005A2D62 /* XCRemoteSwiftPackageReference "RxSwift" */;
			productName = RxSwift;
		};
		5B56B1AA2DDC23B0005A2D62 /* Then */ = {
			isa = XCSwiftPackageProductDependency;
			package = 5B56B1A92DDC23B0005A2D62 /* XCRemoteSwiftPackageReference "Then" */;
			productName = Then;
		};
		5B56B1AD2DDC23BC005A2D62 /* SnapKit */ = {
			isa = XCSwiftPackageProductDependency;
			package = 5B56B1AC2DDC23BC005A2D62 /* XCRemoteSwiftPackageReference "SnapKit" */;
			productName = SnapKit;
		};
		5B56B1B02DDC23FC005A2D62 /* Alamofire */ = {
			isa = XCSwiftPackageProductDependency;
			package = 5B56B1AF2DDC23FC005A2D62 /* XCRemoteSwiftPackageReference "Alamofire" */;
			productName = Alamofire;
		};
		5B56B6D32DDC723F005A2D62 /* RiveRuntime */ = {
			isa = XCSwiftPackageProductDependency;
			package = 5B56B6D22DDC723F005A2D62 /* XCRemoteSwiftPackageReference "rive-ios" */;
			productName = RiveRuntime;
		};
		A52D59662DDC9E950055EF9C /* Differentiator */ = {
			isa = XCSwiftPackageProductDependency;
			package = A52D59652DDC9E950055EF9C /* XCRemoteSwiftPackageReference "RxDataSources" */;
			productName = Differentiator;
		};
		A52D59682DDC9E950055EF9C /* RxDataSources */ = {
			isa = XCSwiftPackageProductDependency;
			package = A52D59652DDC9E950055EF9C /* XCRemoteSwiftPackageReference "RxDataSources" */;
			productName = RxDataSources;
		};
/* End XCSwiftPackageProductDependency section */
	};
	rootObject = 5B8DBC292DDC214400F53723 /* Project object */;
}
